
Microsoft Visual Studio Solution File, Format Version 12.00
Project("{FAE04EC0-301F-11D3-BF4B-00C04F79EFBC}") = "Test", "Test\Test.csproj", "{50B42468-FB2D-4F5C-AA51-CCE21D801AD0}"
EndProject
Global
	GlobalSection(SolutionConfigurationPlatforms) = preSolution
		Debug|Any CPU = Debug|Any CPU
		Release|Any CPU = Release|Any CPU
	EndGlobalSection
	GlobalSection(ProjectConfigurationPlatforms) = postSolution
		{50B42468-FB2D-4F5C-AA51-CCE21D801AD0}.Debug|Any CPU.ActiveCfg = Debug|Any CPU
		{50B42468-FB2D-4F5C-AA51-CCE21D801AD0}.Debug|Any CPU.Build.0 = Debug|Any CPU
		{50B42468-FB2D-4F5C-AA51-CCE21D801AD0}.Release|Any CPU.ActiveCfg = Release|Any CPU
		{50B42468-FB2D-4F5C-AA51-CCE21D801AD0}.Release|Any CPU.Build.0 = Release|Any CPU
	EndGlobalSection
EndGlobal
